
Microsoft Visual Studio Solution File, Format Version 12.00
# Visual Studio 15
VisualStudioVersion = 15.0.28307.902
MinimumVisualStudioVersion = 10.0.40219.1
Project("{FAE04EC0-301F-11D3-BF4B-00C04F79EFBC}") = "reflexes", "reflexes\reflexes.csproj", "{ECC3D659-C577-4C3C-824F-EC9D00C6B158}"
EndProject
Project("{FAE04EC0-301F-11D3-BF4B-00C04F79EFBC}") = "reflexesTest", "reflexesTest\reflexesTest.csproj", "{89BB1FEF-11B6-455D-9347-4B3A576B176B}"
EndProject
Global
	GlobalSection(SolutionConfigurationPlatforms) = preSolution
		Debug|Any CPU = Debug|Any CPU
		Release|Any CPU = Release|Any CPU
	EndGlobalSection
	GlobalSection(ProjectConfigurationPlatforms) = postSolution
		{ECC3D659-C577-4C3C-824F-EC9D00C6B158}.Debug|Any CPU.ActiveCfg = Debug|Any CPU
		{ECC3D659-C577-4C3C-824F-EC9D00C6B158}.Debug|Any CPU.Build.0 = Debug|Any CPU
		{ECC3D659-C577-4C3C-824F-EC9D00C6B158}.Release|Any CPU.ActiveCfg = Release|Any CPU
		{ECC3D659-C577-4C3C-824F-EC9D00C6B158}.Release|Any CPU.Build.0 = Release|Any CPU
		{89BB1FEF-11B6-455D-9347-4B3A576B176B}.Debug|Any CPU.ActiveCfg = Debug|Any CPU
		{89BB1FEF-11B6-455D-9347-4B3A576B176B}.Debug|Any CPU.Build.0 = Debug|Any CPU
		{89BB1FEF-11B6-455D-9347-4B3A576B176B}.Release|Any CPU.ActiveCfg = Release|Any CPU
		{89BB1FEF-11B6-455D-9347-4B3A576B176B}.Release|Any CPU.Build.0 = Release|Any CPU
	EndGlobalSection
	GlobalSection(SolutionProperties) = preSolution
		HideSolutionNode = FALSE
	EndGlobalSection
	GlobalSection(ExtensibilityGlobals) = postSolution
		SolutionGuid = {E7BE4051-FC55-4D7F-992A-5C741A2C95EF}
	EndGlobalSection
EndGlobal
